// !$*UTF8*$!
{
	archiveVersion = 1;
	classes = {
	};
	objectVersion = 77;
	objects = {

/* Begin PBXContainerItemProxy section */
		86A87BA92E1D847000A1AA7F /* PBXContainerItemProxy */ = {
			isa = PBXContainerItemProxy;
			containerPortal = 86A87B902E1D846E00A1AA7F /* Project object */;
			proxyType = 1;
			remoteGlobalIDString = 86A87B972E1D846E00A1AA7F;
			remoteInfo = CoinRanking;
		};
		86A87BB32E1D847000A1AA7F /* PBXContainerItemProxy */ = {
			isa = PBXContainerItemProxy;
			containerPortal = 86A87B902E1D846E00A1AA7F /* Project object */;
			proxyType = 1;
			remoteGlobalIDString = 86A87B972E1D846E00A1AA7F;
			remoteInfo = CoinRanking;
		};
/* End PBXContainerItemProxy section */

/* Begin PBXFileReference section */
		86A87B982E1D846E00A1AA7F /* CoinRanking.app */ = {isa = PBXFileReference; explicitFileType = wrapper.application; includeInIndex = 0; path = CoinRanking.app; sourceTree = BUILT_PRODUCTS_DIR; };
		86A87BA82E1D847000A1AA7F /* CoinRankingTests.xctest */ = {isa = PBXFileReference; explicitFileType = wrapper.cfbundle; includeInIndex = 0; path = CoinRankingTests.xctest; sourceTree = BUILT_PRODUCTS_DIR; };
		86A87BB22E1D847000A1AA7F /* CoinRankingUITests.xctest */ = {isa = PBXFileReference; explicitFileType = wrapper.cfbundle; includeInIndex = 0; path = CoinRankingUITests.xctest; sourceTree = BUILT_PRODUCTS_DIR; };
/* End PBXFileReference section */

/* Begin PBXFileSystemSynchronizedRootGroup section */
		86A87B9A2E1D846E00A1AA7F /* CoinRanking */ = {
			isa = PBXFileSystemSynchronizedRootGroup;
			path = CoinRanking;
			sourceTree = "<group>";
		};
		86A87BAB2E1D847000A1AA7F /* CoinRankingTests */ = {
			isa = PBXFileSystemSynchronizedRootGroup;
			path = CoinRankingTests;
			sourceTree = "<group>";
		};
		86A87BB52E1D847000A1AA7F /* CoinRankingUITests */ = {
			isa = PBXFileSystemSynchronizedRootGroup;
			path = CoinRankingUITests;
			sourceTree = "<group>";
		};
/* End PBXFileSystemSynchronizedRootGroup section */

/* Begin PBXFrameworksBuildPhase section */
		86A87B952E1D846E00A1AA7F /* Frameworks */ = {
			isa = PBXFrameworksBuildPhase;
			buildActionMask = 2147483647;
			files = (
			);
			runOnlyForDeploymentPostprocessing = 0;
		};
		86A87BA52E1D847000A1AA7F /* Frameworks */ = {
			isa = PBXFrameworksBuildPhase;
			buildActionMask = 2147483647;
			files = (
			);
			runOnlyForDeploymentPostprocessing = 0;
		};
		86A87BAF2E1D847000A1AA7F /* Frameworks */ = {
			isa = PBXFrameworksBuildPhase;
			buildActionMask = 2147483647;
			files = (
			);
			runOnlyForDeploymentPostprocessing = 0;
		};
/* End PBXFrameworksBuildPhase section */

/* Begin PBXGroup section */
		86A87B8F2E1D846E00A1AA7F = {
			isa = PBXGroup;
			children = (
				86A87B9A2E1D846E00A1AA7F /* CoinRanking */,
				86A87BAB2E1D847000A1AA7F /* CoinRankingTests */,
				86A87BB52E1D847000A1AA7F /* CoinRankingUITests */,
				86A87B992E1D846E00A1AA7F /* Products */,
			);
			sourceTree = "<group>";
		};
		86A87B992E1D846E00A1AA7F /* Products */ = {
			isa = PBXGroup;
			children = (
				86A87B982E1D846E00A1AA7F /* CoinRanking.app */,
				86A87BA82E1D847000A1AA7F /* CoinRankingTests.xctest */,
				86A87BB22E1D847000A1AA7F /* CoinRankingUITests.xctest */,
			);
			name = Products;
			sourceTree = "<group>";
		};
/* End PBXGroup section */

/* Begin PBXNativeTarget section */
		86A87B972E1D846E00A1AA7F /* CoinRanking */ = {
			isa = PBXNativeTarget;
			buildConfigurationList = 86A87BBC2E1D847000A1AA7F /* Build configuration list for PBXNativeTarget "CoinRanking" */;
			buildPhases = (
				86A87B942E1D846E00A1AA7F /* Sources */,
				86A87B952E1D846E00A1AA7F /* Frameworks */,
				86A87B962E1D846E00A1AA7F /* Resources */,
			);
			buildRules = (
			);
			dependencies = (
			);
			fileSystemSynchronizedGroups = (
				86A87B9A2E1D846E00A1AA7F /* CoinRanking */,
			);
			name = CoinRanking;
			packageProductDependencies = (
			);
			productName = CoinRanking;
			productReference = 86A87B982E1D846E00A1AA7F /* CoinRanking.app */;
			productType = "com.apple.product-type.application";
		};
		86A87BA72E1D847000A1AA7F /* CoinRankingTests */ = {
			isa = PBXNativeTarget;
			buildConfigurationList = 86A87BBF2E1D847000A1AA7F /* Build configuration list for PBXNativeTarget "CoinRankingTests" */;
			buildPhases = (
				86A87BA42E1D847000A1AA7F /* Sources */,
				86A87BA52E1D847000A1AA7F /* Frameworks */,
				86A87BA62E1D847000A1AA7F /* Resources */,
			);
			buildRules = (
			);
			dependencies = (
				86A87BAA2E1D847000A1AA7F /* PBXTargetDependency */,
			);
			fileSystemSynchronizedGroups = (
				86A87BAB2E1D847000A1AA7F /* CoinRankingTests */,
			);
			name = CoinRankingTests;
			packageProductDependencies = (
			);
			productName = CoinRankingTests;
			productReference = 86A87BA82E1D847000A1AA7F /* CoinRankingTests.xctest */;
			productType = "com.apple.product-type.bundle.unit-test";
		};
		86A87BB12E1D847000A1AA7F /* CoinRankingUITests */ = {
			isa = PBXNativeTarget;
			buildConfigurationList = 86A87BC22E1D847000A1AA7F /* Build configuration list for PBXNativeTarget "CoinRankingUITests" */;
			buildPhases = (
				86A87BAE2E1D847000A1AA7F /* Sources */,
				86A87BAF2E1D847000A1AA7F /* Frameworks */,
				86A87BB02E1D847000A1AA7F /* Resources */,
			);
			buildRules = (
			);
			dependencies = (
				86A87BB42E1D847000A1AA7F /* PBXTargetDependency */,
			);
			fileSystemSynchronizedGroups = (
				86A87BB52E1D847000A1AA7F /* CoinRankingUITests */,
			);
			name = CoinRankingUITests;
			packageProductDependencies = (
			);
			productName = CoinRankingUITests;
			productReference = 86A87BB22E1D847000A1AA7F /* CoinRankingUITests.xctest */;
			productType = "com.apple.product-type.bundle.ui-testing";
		};
/* End PBXNativeTarget section */

/* Begin PBXProject section */
		86A87B902E1D846E00A1AA7F /* Project object */ = {
			isa = PBXProject;
			attributes = {
				BuildIndependentTargetsInParallel = 1;
				LastSwiftUpdateCheck = 1620;
				LastUpgradeCheck = 1620;
				TargetAttributes = {
					86A87B972E1D846E00A1AA7F = {
						CreatedOnToolsVersion = 16.2;
					};
					86A87BA72E1D847000A1AA7F = {
						CreatedOnToolsVersion = 16.2;
						TestTargetID = 86A87B972E1D846E00A1AA7F;
					};
					86A87BB12E1D847000A1AA7F = {
						CreatedOnToolsVersion = 16.2;
						TestTargetID = 86A87B972E1D846E00A1AA7F;
					};
				};
			};
			buildConfigurationList = 86A87B932E1D846E00A1AA7F /* Build configuration list for PBXProject "CoinRanking" */;
			developmentRegion = en;
			hasScannedForEncodings = 0;
			knownRegions = (
				en,
				Base,
			);
			mainGroup = 86A87B8F2E1D846E00A1AA7F;
			minimizedProjectReferenceProxies = 1;
			preferredProjectObjectVersion = 77;
			productRefGroup = 86A87B992E1D846E00A1AA7F /* Products */;
			projectDirPath = "";
			projectRoot = "";
			targets = (
				86A87B972E1D846E00A1AA7F /* CoinRanking */,
				86A87BA72E1D847000A1AA7F /* CoinRankingTests */,
				86A87BB12E1D847000A1AA7F /* CoinRankingUITests */,
			);
		};
/* End PBXProject section */

/* Begin PBXResourcesBuildPhase section */
		86A87B962E1D846E00A1AA7F /* Resources */ = {
			isa = PBXResourcesBuildPhase;
			buildActionMask = 2147483647;
			files = (
			);
			runOnlyForDeploymentPostprocessing = 0;
		};
		86A87BA62E1D847000A1AA7F /* Resources */ = {
			isa = PBXResourcesBuildPhase;
			buildActionMask = 2147483647;
			files = (
			);
			runOnlyForDeploymentPostprocessing = 0;
		};
		86A87BB02E1D847000A1AA7F /* Resources */ = {
			isa = PBXResourcesBuildPhase;
			buildActionMask = 2147483647;
			files = (
			);
			runOnlyForDeploymentPostprocessing = 0;
		};
/* End PBXResourcesBuildPhase section */

/* Begin PBXSourcesBuildPhase section */
		86A87B942E1D846E00A1AA7F /* Sources */ = {
			isa = PBXSourcesBuildPhase;
			buildActionMask = 2147483647;
			files = (
			);
			runOnlyForDeploymentPostprocessing = 0;
		};
		86A87BA42E1D847000A1AA7F /* Sources */ = {
			isa = PBXSourcesBuildPhase;
			buildActionMask = 2147483647;
			files = (
			);
			runOnlyForDeploymentPostprocessing = 0;
		};
		86A87BAE2E1D847000A1AA7F /* Sources */ = {
			isa = PBXSourcesBuildPhase;
			buildActionMask = 2147483647;
			files = (
			);
			runOnlyForDeploymentPostprocessing = 0;
		};
/* End PBXSourcesBuildPhase section */

/* Begin PBXTargetDependency section */
		86A87BAA2E1D847000A1AA7F /* PBXTargetDependency */ = {
			isa = PBXTargetDependency;
			target = 86A87B972E1D846E00A1AA7F /* CoinRanking */;
			targetProxy = 86A87BA92E1D847000A1AA7F /* PBXContainerItemProxy */;
		};
		86A87BB42E1D847000A1AA7F /* PBXTargetDependency */ = {
			isa = PBXTargetDependency;
			target = 86A87B972E1D846E00A1AA7F /* CoinRanking */;
			targetProxy = 86A87BB32E1D847000A1AA7F /* PBXContainerItemProxy */;
		};
/* End PBXTargetDependency section */

/* Begin XCBuildConfiguration section */
		86A87BBA2E1D847000A1AA7F /* Debug */ = {
			isa = XCBuildConfiguration;
			buildSettings = {
				ALWAYS_SEARCH_USER_PATHS = NO;
				ASSETCATALOG_COMPILER_GENERATE_SWIFT_ASSET_SYMBOL_EXTENSIONS = YES;
				CLANG_ANALYZER_NONNULL = YES;
				CLANG_ANALYZER_NUMBER_OBJECT_CONVERSION = YES_AGGRESSIVE;
				CLANG_CXX_LANGUAGE_STANDARD = "gnu++20";
				CLANG_ENABLE_MODULES = YES;
				CLANG_ENABLE_OBJC_ARC = YES;
				CLANG_ENABLE_OBJC_WEAK = YES;
				CLANG_WARN_BLOCK_CAPTURE_AUTORELEASING = YES;
				CLANG_WARN_BOOL_CONVERSION = YES;
				CLANG_WARN_COMMA = YES;
				CLANG_WARN_CONSTANT_CONVERSION = YES;
				CLANG_WARN_DEPRECATED_OBJC_IMPLEMENTATIONS = YES;
				CLANG_WARN_DIRECT_OBJC_ISA_USAGE = YES_ERROR;
				CLANG_WARN_DOCUMENTATION_COMMENTS = YES;
				CLANG_WARN_EMPTY_BODY = YES;
				CLANG_WARN_ENUM_CONVERSION = YES;
				CLANG_WARN_INFINITE_RECURSION = YES;
				CLANG_WARN_INT_CONVERSION = YES;
				CLANG_WARN_NON_LITERAL_NULL_CONVERSION = YES;
				CLANG_WARN_OBJC_IMPLICIT_RETAIN_SELF = YES;
				CLANG_WARN_OBJC_LITERAL_CONVERSION = YES;
				CLANG_WARN_OBJC_ROOT_CLASS = YES_ERROR;
				CLANG_WARN_QUOTED_INCLUDE_IN_FRAMEWORK_HEADER = YES;
				CLANG_WARN_RANGE_LOOP_ANALYSIS = YES;
				CLANG_WARN_STRICT_PROTOTYPES = YES;
				CLANG_WARN_SUSPICIOUS_MOVE = YES;
				CLANG_WARN_UNGUARDED_AVAILABILITY = YES_AGGRESSIVE;
				CLANG_WARN_UNREACHABLE_CODE = YES;
				CLANG_WARN__DUPLICATE_METHOD_MATCH = YES;
				COPY_PHASE_STRIP = NO;
				DEBUG_INFORMATION_FORMAT = dwarf;
				ENABLE_STRICT_OBJC_MSGSEND = YES;
				ENABLE_TESTABILITY = YES;
				ENABLE_USER_SCRIPT_SANDBOXING = YES;
				GCC_C_LANGUAGE_STANDARD = gnu17;
				GCC_DYNAMIC_NO_PIC = NO;
				GCC_NO_COMMON_BLOCKS = YES;
				GCC_OPTIMIZATION_LEVEL = 0;
				GCC_PREPROCESSOR_DEFINITIONS = (
					"DEBUG=1",
					"$(inherited)",
				);
				GCC_WARN_64_TO_32_BIT_CONVERSION = YES;
				GCC_WARN_ABOUT_RETURN_TYPE = YES_ERROR;
				GCC_WARN_UNDECLARED_SELECTOR = YES;
				GCC_WARN_UNINITIALIZED_AUTOS = YES_AGGRESSIVE;
				GCC_WARN_UNUSED_FUNCTION = YES;
				GCC_WARN_UNUSED_VARIABLE = YES;
				IPHONEOS_DEPLOYMENT_TARGET = 18.2;
				LOCALIZATION_PREFERS_STRING_CATALOGS = YES;
				MTL_ENABLE_DEBUG_INFO = INCLUDE_SOURCE;
				MTL_FAST_MATH = YES;
				ONLY_ACTIVE_ARCH = YES;
				SDKROOT = iphoneos;
				SWIFT_ACTIVE_COMPILATION_CONDITIONS = "DEBUG $(inherited)";
				SWIFT_OPTIMIZATION_LEVEL = "-Onone";
			};
			name = Debug;
		};
		86A87BBB2E1D847000A1AA7F /* Release */ = {
			isa = XCBuildConfiguration;
			buildSettings = {
				ALWAYS_SEARCH_USER_PATHS = NO;
				ASSETCATALOG_COMPILER_GENERATE_SWIFT_ASSET_SYMBOL_EXTENSIONS = YES;
				CLANG_ANALYZER_NONNULL = YES;
				CLANG_ANALYZER_NUMBER_OBJECT_CONVERSION = YES_AGGRESSIVE;
				CLANG_CXX_LANGUAGE_STANDARD = "gnu++20";
				CLANG_ENABLE_MODULES = YES;
				CLANG_ENABLE_OBJC_ARC = YES;
				CLANG_ENABLE_OBJC_WEAK = YES;
				CLANG_WARN_BLOCK_CAPTURE_AUTORELEASING = YES;
				CLANG_WARN_BOOL_CONVERSION = YES;
				CLANG_WARN_COMMA = YES;
				CLANG_WARN_CONSTANT_CONVERSION = YES;
				CLANG_WARN_DEPRECATED_OBJC_IMPLEMENTATIONS = YES;
				CLANG_WARN_DIRECT_OBJC_ISA_USAGE = YES_ERROR;
				CLANG_WARN_DOCUMENTATION_COMMENTS = YES;
				CLANG_WARN_EMPTY_BODY = YES;
				CLANG_WARN_ENUM_CONVERSION = YES;
				CLANG_WARN_INFINITE_RECURSION = YES;
				CLANG_WARN_INT_CONVERSION = YES;
				CLANG_WARN_NON_LITERAL_NULL_CONVERSION = YES;
				CLANG_WARN_OBJC_IMPLICIT_RETAIN_SELF = YES;
				CLANG_WARN_OBJC_LITERAL_CONVERSION = YES;
				CLANG_WARN_OBJC_ROOT_CLASS = YES_ERROR;
				CLANG_WARN_QUOTED_INCLUDE_IN_FRAMEWORK_HEADER = YES;
				CLANG_WARN_RANGE_LOOP_ANALYSIS = YES;
				CLANG_WARN_STRICT_PROTOTYPES = YES;
				CLANG_WARN_SUSPICIOUS_MOVE = YES;
				CLANG_WARN_UNGUARDED_AVAILABILITY = YES_AGGRESSIVE;
				CLANG_WARN_UNREACHABLE_CODE = YES;
				CLANG_WARN__DUPLICATE_METHOD_MATCH = YES;
				COPY_PHASE_STRIP = NO;
				DEBUG_INFORMATION_FORMAT = "dwarf-with-dsym";
				ENABLE_NS_ASSERTIONS = NO;
				ENABLE_STRICT_OBJC_MSGSEND = YES;
				ENABLE_USER_SCRIPT_SANDBOXING = YES;
				GCC_C_LANGUAGE_STANDARD = gnu17;
				GCC_NO_COMMON_BLOCKS = YES;
				GCC_WARN_64_TO_32_BIT_CONVERSION = YES;
				GCC_WARN_ABOUT_RETURN_TYPE = YES_ERROR;
				GCC_WARN_UNDECLARED_SELECTOR = YES;
				GCC_WARN_UNINITIALIZED_AUTOS = YES_AGGRESSIVE;
				GCC_WARN_UNUSED_FUNCTION = YES;
				GCC_WARN_UNUSED_VARIABLE = YES;
				IPHONEOS_DEPLOYMENT_TARGET = 18.2;
				LOCALIZATION_PREFERS_STRING_CATALOGS = YES;
				MTL_ENABLE_DEBUG_INFO = NO;
				MTL_FAST_MATH = YES;
				SDKROOT = iphoneos;
				SWIFT_COMPILATION_MODE = wholemodule;
				VALIDATE_PRODUCT = YES;
			};
			name = Release;
		};
		86A87BBD2E1D847000A1AA7F /* Debug */ = {
			isa = XCBuildConfiguration;
			buildSettings = {
				ASSETCATALOG_COMPILER_APPICON_NAME = AppIcon;
				ASSETCATALOG_COMPILER_GLOBAL_ACCENT_COLOR_NAME = AccentColor;
				CODE_SIGN_STYLE = Automatic;
				CURRENT_PROJECT_VERSION = 1;
				DEVELOPMENT_ASSET_PATHS = "\"CoinRanking/Preview Content\"";
				DEVELOPMENT_TEAM = JJ5G6DQS7M;
				ENABLE_PREVIEWS = YES;
				GENERATE_INFOPLIST_FILE = YES;
				INFOPLIST_KEY_UIApplicationSceneManifest_Generation = YES;
				INFOPLIST_KEY_UIApplicationSupportsIndirectInputEvents = YES;
				INFOPLIST_KEY_UILaunchScreen_Generation = YES;
				INFOPLIST_KEY_UISupportedInterfaceOrientations_iPad = "UIInterfaceOrientationPortrait UIInterfaceOrientationPortraitUpsideDown UIInterfaceOrientationLandscapeLeft UIInterfaceOrientationLandscapeRight";
				INFOPLIST_KEY_UISupportedInterfaceOrientations_iPhone = "UIInterfaceOrientationPortrait UIInterfaceOrientationLandscapeLeft UIInterfaceOrientationLandscapeRight";
				LD_RUNPATH_SEARCH_PATHS = (
					"$(inherited)",
					"@executable_path/Frameworks",
				);
				MARKETING_VERSION = 1.0;
				PRODUCT_BUNDLE_IDENTIFIER = com.safiribytes.CoinRanking;
				PRODUCT_NAME = "$(TARGET_NAME)";
				SWIFT_EMIT_LOC_STRINGS = YES;
				SWIFT_VERSION = 5.0;
				TARGETED_DEVICE_FAMILY = "1,2";
			};
			name = Debug;
		};
		86A87BBE2E1D847000A1AA7F /* Release */ = {
			isa = XCBuildConfiguration;
			buildSettings = {
				ASSETCATALOG_COMPILER_APPICON_NAME = AppIcon;
				ASSETCATALOG_COMPILER_GLOBAL_ACCENT_COLOR_NAME = AccentColor;
				CODE_SIGN_STYLE = Automatic;
				CURRENT_PROJECT_VERSION = 1;
				DEVELOPMENT_ASSET_PATHS = "\"CoinRanking/Preview Content\"";
				DEVELOPMENT_TEAM = JJ5G6DQS7M;
				ENABLE_PREVIEWS = YES;
				GENERATE_INFOPLIST_FILE = YES;
				INFOPLIST_KEY_UIApplicationSceneManifest_Generation = YES;
				INFOPLIST_KEY_UIApplicationSupportsIndirectInputEvents = YES;
				INFOPLIST_KEY_UILaunchScreen_Generation = YES;
				INFOPLIST_KEY_UISupportedInterfaceOrientations_iPad = "UIInterfaceOrientationPortrait UIInterfaceOrientationPortraitUpsideDown UIInterfaceOrientationLandscapeLeft UIInterfaceOrientationLandscapeRight";
				INFOPLIST_KEY_UISupportedInterfaceOrientations_iPhone = "UIInterfaceOrientationPortrait UIInterfaceOrientationLandscapeLeft UIInterfaceOrientationLandscapeRight";
				LD_RUNPATH_SEARCH_PATHS = (
					"$(inherited)",
					"@executable_path/Frameworks",
				);
				MARKETING_VERSION = 1.0;
				PRODUCT_BUNDLE_IDENTIFIER = com.safiribytes.CoinRanking;
				PRODUCT_NAME = "$(TARGET_NAME)";
				SWIFT_EMIT_LOC_STRINGS = YES;
				SWIFT_VERSION = 5.0;
				TARGETED_DEVICE_FAMILY = "1,2";
			};
			name = Release;
		};
		86A87BC02E1D847000A1AA7F /* Debug */ = {
			isa = XCBuildConfiguration;
			buildSettings = {
				BUNDLE_LOADER = "$(TEST_HOST)";
				CODE_SIGN_STYLE = Automatic;
				CURRENT_PROJECT_VERSION = 1;
				DEVELOPMENT_TEAM = JJ5G6DQS7M;
				GENERATE_INFOPLIST_FILE = YES;
				IPHONEOS_DEPLOYMENT_TARGET = 18.2;
				MARKETING_VERSION = 1.0;
				PRODUCT_BUNDLE_IDENTIFIER = com.safiribytes.CoinRankingTests;
				PRODUCT_NAME = "$(TARGET_NAME)";
				SWIFT_EMIT_LOC_STRINGS = NO;
				SWIFT_VERSION = 5.0;
				TARGETED_DEVICE_FAMILY = "1,2";
				TEST_HOST = "$(BUILT_PRODUCTS_DIR)/CoinRanking.app/$(BUNDLE_EXECUTABLE_FOLDER_PATH)/CoinRanking";
			};
			name = Debug;
		};
		86A87BC12E1D847000A1AA7F /* Release */ = {
			isa = XCBuildConfiguration;
			buildSettings = {
				BUNDLE_LOADER = "$(TEST_HOST)";
				CODE_SIGN_STYLE = Automatic;
				CURRENT_PROJECT_VERSION = 1;
				DEVELOPMENT_TEAM = JJ5G6DQS7M;
				GENERATE_INFOPLIST_FILE = YES;
				IPHONEOS_DEPLOYMENT_TARGET = 18.2;
				MARKETING_VERSION = 1.0;
				PRODUCT_BUNDLE_IDENTIFIER = com.safiribytes.CoinRankingTests;
				PRODUCT_NAME = "$(TARGET_NAME)";
				SWIFT_EMIT_LOC_STRINGS = NO;
				SWIFT_VERSION = 5.0;
				TARGETED_DEVICE_FAMILY = "1,2";
				TEST_HOST = "$(BUILT_PRODUCTS_DIR)/CoinRanking.app/$(BUNDLE_EXECUTABLE_FOLDER_PATH)/CoinRanking";
			};
			name = Release;
		};
		86A87BC32E1D847000A1AA7F /* Debug */ = {
			isa = XCBuildConfiguration;
			buildSettings = {
				CODE_SIGN_STYLE = Automatic;
				CURRENT_PROJECT_VERSION = 1;
				DEVELOPMENT_TEAM = JJ5G6DQS7M;
				GENERATE_INFOPLIST_FILE = YES;
				MARKETING_VERSION = 1.0;
				PRODUCT_BUNDLE_IDENTIFIER = com.safiribytes.CoinRankingUITests;
				PRODUCT_NAME = "$(TARGET_NAME)";
				SWIFT_EMIT_LOC_STRINGS = NO;
				SWIFT_VERSION = 5.0;
				TARGETED_DEVICE_FAMILY = "1,2";
				TEST_TARGET_NAME = CoinRanking;
			};
			name = Debug;
		};
		86A87BC42E1D847000A1AA7F /* Release */ = {
			isa = XCBuildConfiguration;
			buildSettings = {
				CODE_SIGN_STYLE = Automatic;
				CURRENT_PROJECT_VERSION = 1;
				DEVELOPMENT_TEAM = JJ5G6DQS7M;
				GENERATE_INFOPLIST_FILE = YES;
				MARKETING_VERSION = 1.0;
				PRODUCT_BUNDLE_IDENTIFIER = com.safiribytes.CoinRankingUITests;
				PRODUCT_NAME = "$(TARGET_NAME)";
				SWIFT_EMIT_LOC_STRINGS = NO;
				SWIFT_VERSION = 5.0;
				TARGETED_DEVICE_FAMILY = "1,2";
				TEST_TARGET_NAME = CoinRanking;
			};
			name = Release;
		};
/* End XCBuildConfiguration section */

/* Begin XCConfigurationList section */
		86A87B932E1D846E00A1AA7F /* Build configuration list for PBXProject "CoinRanking" */ = {
			isa = XCConfigurationList;
			buildConfigurations = (
				86A87BBA2E1D847000A1AA7F /* Debug */,
				86A87BBB2E1D847000A1AA7F /* Release */,
			);
			defaultConfigurationIsVisible = 0;
			defaultConfigurationName = Release;
		};
		86A87BBC2E1D847000A1AA7F /* Build configuration list for PBXNativeTarget "CoinRanking" */ = {
			isa = XCConfigurationList;
			buildConfigurations = (
				86A87BBD2E1D847000A1AA7F /* Debug */,
				86A87BBE2E1D847000A1AA7F /* Release */,
			);
			defaultConfigurationIsVisible = 0;
			defaultConfigurationName = Release;
		};
		86A87BBF2E1D847000A1AA7F /* Build configuration list for PBXNativeTarget "CoinRankingTests" */ = {
			isa = XCConfigurationList;
			buildConfigurations = (
				86A87BC02E1D847000A1AA7F /* Debug */,
				86A87BC12E1D847000A1AA7F /* Release */,
			);
			defaultConfigurationIsVisible = 0;
			defaultConfigurationName = Release;
		};
		86A87BC22E1D847000A1AA7F /* Build configuration list for PBXNativeTarget "CoinRankingUITests" */ = {
			isa = XCConfigurationList;
			buildConfigurations = (
				86A87BC32E1D847000A1AA7F /* Debug */,
				86A87BC42E1D847000A1AA7F /* Release */,
			);
			defaultConfigurationIsVisible = 0;
			defaultConfigurationName = Release;
		};
/* End XCConfigurationList section */
	};
	rootObject = 86A87B902E1D846E00A1AA7F /* Project object */;
}
